
Microsoft Visual Studio Solution File, Format Version 12.00
# Visual Studio Version 16
VisualStudioVersion = 16.0.30717.126
MinimumVisualStudioVersion = 10.0.40219.1
Project("{8BC9CEB8-8B4A-11D0-8D11-00A0C91BC942}") = "Data_Structres_c++2", "Data_Structres_c++2\Data_Structres_c++2.vcxproj", "{D08854B6-C8C3-43AF-8D31-59A329CA5B2A}"
EndProject
Global
	GlobalSection(SolutionConfigurationPlatforms) = preSolution
		Debug|x64 = Debug|x64
		Debug|x86 = Debug|x86
		Release|x64 = Release|x64
		Release|x86 = Release|x86
	EndGlobalSection
	GlobalSection(ProjectConfigurationPlatforms) = postSolution
		{D08854B6-C8C3-43AF-8D31-59A329CA5B2A}.Debug|x64.ActiveCfg = Debug|x64
		{D08854B6-C8C3-43AF-8D31-59A329CA5B2A}.Debug|x64.Build.0 = Debug|x64
		{D08854B6-C8C3-43AF-8D31-59A329CA5B2A}.Debug|x86.ActiveCfg = Debug|Win32
		{D08854B6-C8C3-43AF-8D31-59A329CA5B2A}.Debug|x86.Build.0 = Debug|Win32
		{D08854B6-C8C3-43AF-8D31-59A329CA5B2A}.Release|x64.ActiveCfg = Release|x64
		{D08854B6-C8C3-43AF-8D31-59A329CA5B2A}.Release|x64.Build.0 = Release|x64
		{D08854B6-C8C3-43AF-8D31-59A329CA5B2A}.Release|x86.ActiveCfg = Release|Win32
		{D08854B6-C8C3-43AF-8D31-59A329CA5B2A}.Release|x86.Build.0 = Release|Win32
	EndGlobalSection
	GlobalSection(SolutionProperties) = preSolution
		HideSolutionNode = FALSE
	EndGlobalSection
	GlobalSection(ExtensibilityGlobals) = postSolution
		SolutionGuid = {F1CD8B08-F901-4E17-A132-AC89AB692107}
	EndGlobalSection
EndGlobal
